
Microsoft Visual Studio Solution File, Format Version 12.00
# Visual Studio 14
VisualStudioVersion = 14.0.25123.0
MinimumVisualStudioVersion = 10.0.40219.1
Project("{FAE04EC0-301F-11D3-BF4B-00C04F79EFBC}") = "WebApiRepository.Web", "WebApiRepository\WebApiRepository.Web.csproj", "{3C364473-8807-48CE-8783-61950B7DBD29}"
EndProject
Project("{FAE04EC0-301F-11D3-BF4B-00C04F79EFBC}") = "WebApiRepository.Domain", "WebApiRepository.Domain\WebApiRepository.Domain.csproj", "{CD2F4A51-3C47-49B9-AD1A-4B5FC6173346}"
EndProject
Project("{FAE04EC0-301F-11D3-BF4B-00C04F79EFBC}") = "WebApiRepository.DataLayer", "WebApiRepository.DataLayer\WebApiRepository.DataLayer.csproj", "{D3006E43-986B-42B3-9AA8-C8ED049CB94C}"
EndProject
Global
	GlobalSection(SolutionConfigurationPlatforms) = preSolution
		Debug|Any CPU = Debug|Any CPU
		Release|Any CPU = Release|Any CPU
	EndGlobalSection
	GlobalSection(ProjectConfigurationPlatforms) = postSolution
		{3C364473-8807-48CE-8783-61950B7DBD29}.Debug|Any CPU.ActiveCfg = Debug|Any CPU
		{3C364473-8807-48CE-8783-61950B7DBD29}.Debug|Any CPU.Build.0 = Debug|Any CPU
		{3C364473-8807-48CE-8783-61950B7DBD29}.Release|Any CPU.ActiveCfg = Release|Any CPU
		{3C364473-8807-48CE-8783-61950B7DBD29}.Release|Any CPU.Build.0 = Release|Any CPU
		{CD2F4A51-3C47-49B9-AD1A-4B5FC6173346}.Debug|Any CPU.ActiveCfg = Debug|Any CPU
		{CD2F4A51-3C47-49B9-AD1A-4B5FC6173346}.Debug|Any CPU.Build.0 = Debug|Any CPU
		{CD2F4A51-3C47-49B9-AD1A-4B5FC6173346}.Release|Any CPU.ActiveCfg = Release|Any CPU
		{CD2F4A51-3C47-49B9-AD1A-4B5FC6173346}.Release|Any CPU.Build.0 = Release|Any CPU
		{D3006E43-986B-42B3-9AA8-C8ED049CB94C}.Debug|Any CPU.ActiveCfg = Debug|Any CPU
		{D3006E43-986B-42B3-9AA8-C8ED049CB94C}.Debug|Any CPU.Build.0 = Debug|Any CPU
		{D3006E43-986B-42B3-9AA8-C8ED049CB94C}.Release|Any CPU.ActiveCfg = Release|Any CPU
		{D3006E43-986B-42B3-9AA8-C8ED049CB94C}.Release|Any CPU.Build.0 = Release|Any CPU
	EndGlobalSection
	GlobalSection(SolutionProperties) = preSolution
		HideSolutionNode = FALSE
	EndGlobalSection
EndGlobal
